// !$*UTF8*$!
{
	archiveVersion = 1;
	classes = {
	};
	objectVersion = 50;
	objects = {

/* Begin PBXBuildFile section */
		6E67DAA0236BCCB30099A987 /* AppDelegate.swift in Sources */ = {isa = PBXBuildFile; fileRef = 6E67DA9F236BCCB30099A987 /* AppDelegate.swift */; };
		6E67DAA5236BCCB30099A987 /* Main.storyboard in Resources */ = {isa = PBXBuildFile; fileRef = 6E67DAA3236BCCB30099A987 /* Main.storyboard */; };
		6E67DAA7236BCCB50099A987 /* Assets.xcassets in Resources */ = {isa = PBXBuildFile; fileRef = 6E67DAA6236BCCB50099A987 /* Assets.xcassets */; };
		6E67DAAA236BCCB50099A987 /* LaunchScreen.storyboard in Resources */ = {isa = PBXBuildFile; fileRef = 6E67DAA8236BCCB50099A987 /* LaunchScreen.storyboard */; };
		6E67DAB5236BCCB50099A987 /* douyuzbTests.swift in Sources */ = {isa = PBXBuildFile; fileRef = 6E67DAB4236BCCB50099A987 /* douyuzbTests.swift */; };
		6E67DAC0236BCCB50099A987 /* douyuzbUITests.swift in Sources */ = {isa = PBXBuildFile; fileRef = 6E67DABF236BCCB50099A987 /* douyuzbUITests.swift */; };
		6E67DACE236C04E00099A987 /* Images.xcassets in Resources */ = {isa = PBXBuildFile; fileRef = 6E67DACD236C04E00099A987 /* Images.xcassets */; };
		6E67DAD0236C070C0099A987 /* Classes in Resources */ = {isa = PBXBuildFile; fileRef = 6E67DACF236C070C0099A987 /* Classes */; };
		6E67DAD3236C0A110099A987 /* ViewController.swift in Sources */ = {isa = PBXBuildFile; fileRef = 6E67DAD2236C0A110099A987 /* ViewController.swift */; };
/* End PBXBuildFile section */

/* Begin PBXContainerItemProxy section */
		6E67DAB1236BCCB50099A987 /* PBXContainerItemProxy */ = {
			isa = PBXContainerItemProxy;
			containerPortal = 6E67DA94236BCCB30099A987 /* Project object */;
			proxyType = 1;
			remoteGlobalIDString = 6E67DA9B236BCCB30099A987;
			remoteInfo = douyuzb;
		};
		6E67DABC236BCCB50099A987 /* PBXContainerItemProxy */ = {
			isa = PBXContainerItemProxy;
			containerPortal = 6E67DA94236BCCB30099A987 /* Project object */;
			proxyType = 1;
			remoteGlobalIDString = 6E67DA9B236BCCB30099A987;
			remoteInfo = douyuzb;
		};
/* End PBXContainerItemProxy section */

/* Begin PBXFileReference section */
		6E67DA9C236BCCB30099A987 /* douyuzb.app */ = {isa = PBXFileReference; explicitFileType = wrapper.application; includeInIndex = 0; path = douyuzb.app; sourceTree = BUILT_PRODUCTS_DIR; };
		6E67DA9F236BCCB30099A987 /* AppDelegate.swift */ = {isa = PBXFileReference; lastKnownFileType = sourcecode.swift; path = AppDelegate.swift; sourceTree = "<group>"; };
		6E67DAA4236BCCB30099A987 /* Base */ = {isa = PBXFileReference; lastKnownFileType = file.storyboard; name = Base; path = Base.lproj/Main.storyboard; sourceTree = "<group>"; };
		6E67DAA6236BCCB50099A987 /* Assets.xcassets */ = {isa = PBXFileReference; lastKnownFileType = folder.assetcatalog; path = Assets.xcassets; sourceTree = "<group>"; };
		6E67DAA9236BCCB50099A987 /* Base */ = {isa = PBXFileReference; lastKnownFileType = file.storyboard; name = Base; path = Base.lproj/LaunchScreen.storyboard; sourceTree = "<group>"; };
		6E67DAAB236BCCB50099A987 /* Info.plist */ = {isa = PBXFileReference; lastKnownFileType = text.plist.xml; path = Info.plist; sourceTree = "<group>"; };
		6E67DAB0236BCCB50099A987 /* douyuzbTests.xctest */ = {isa = PBXFileReference; explicitFileType = wrapper.cfbundle; includeInIndex = 0; path = douyuzbTests.xctest; sourceTree = BUILT_PRODUCTS_DIR; };
		6E67DAB4236BCCB50099A987 /* douyuzbTests.swift */ = {isa = PBXFileReference; lastKnownFileType = sourcecode.swift; path = douyuzbTests.swift; sourceTree = "<group>"; };
		6E67DAB6236BCCB50099A987 /* Info.plist */ = {isa = PBXFileReference; lastKnownFileType = text.plist.xml; path = Info.plist; sourceTree = "<group>"; };
		6E67DABB236BCCB50099A987 /* douyuzbUITests.xctest */ = {isa = PBXFileReference; explicitFileType = wrapper.cfbundle; includeInIndex = 0; path = douyuzbUITests.xctest; sourceTree = BUILT_PRODUCTS_DIR; };
		6E67DABF236BCCB50099A987 /* douyuzbUITests.swift */ = {isa = PBXFileReference; lastKnownFileType = sourcecode.swift; path = douyuzbUITests.swift; sourceTree = "<group>"; };
		6E67DAC1236BCCB50099A987 /* Info.plist */ = {isa = PBXFileReference; lastKnownFileType = text.plist.xml; path = Info.plist; sourceTree = "<group>"; };
		6E67DACD236C04E00099A987 /* Images.xcassets */ = {isa = PBXFileReference; lastKnownFileType = folder.assetcatalog; path = Images.xcassets; sourceTree = "<group>"; };
		6E67DACF236C070C0099A987 /* Classes */ = {isa = PBXFileReference; lastKnownFileType = folder; path = Classes; sourceTree = "<group>"; };
		6E67DAD2236C0A110099A987 /* ViewController.swift */ = {isa = PBXFileReference; lastKnownFileType = sourcecode.swift; path = ViewController.swift; sourceTree = "<group>"; };
/* End PBXFileReference section */

/* Begin PBXFrameworksBuildPhase section */
		6E67DA99236BCCB30099A987 /* Frameworks */ = {
			isa = PBXFrameworksBuildPhase;
			buildActionMask = 2147483647;
			files = (
			);
			runOnlyForDeploymentPostprocessing = 0;
		};
		6E67DAAD236BCCB50099A987 /* Frameworks */ = {
			isa = PBXFrameworksBuildPhase;
			buildActionMask = 2147483647;
			files = (
			);
			runOnlyForDeploymentPostprocessing = 0;
		};
		6E67DAB8236BCCB50099A987 /* Frameworks */ = {
			isa = PBXFrameworksBuildPhase;
			buildActionMask = 2147483647;
			files = (
			);
			runOnlyForDeploymentPostprocessing = 0;
		};
/* End PBXFrameworksBuildPhase section */

/* Begin PBXGroup section */
		6E67DA93236BCCB30099A987 = {
			isa = PBXGroup;
			children = (
				6E67DA9E236BCCB30099A987 /* douyuzb */,
				6E67DAB3236BCCB50099A987 /* douyuzbTests */,
				6E67DABE236BCCB50099A987 /* douyuzbUITests */,
				6E67DA9D236BCCB30099A987 /* Products */,
			);
			sourceTree = "<group>";
		};
		6E67DA9D236BCCB30099A987 /* Products */ = {
			isa = PBXGroup;
			children = (
				6E67DA9C236BCCB30099A987 /* douyuzb.app */,
				6E67DAB0236BCCB50099A987 /* douyuzbTests.xctest */,
				6E67DABB236BCCB50099A987 /* douyuzbUITests.xctest */,
			);
			name = Products;
			sourceTree = "<group>";
		};
		6E67DA9E236BCCB30099A987 /* douyuzb */ = {
			isa = PBXGroup;
			children = (
				6E67DACF236C070C0099A987 /* Classes */,
				6E67DA9F236BCCB30099A987 /* AppDelegate.swift */,
				6E67DAA3236BCCB30099A987 /* Main.storyboard */,
				6E67DAA6236BCCB50099A987 /* Assets.xcassets */,
				6E67DAA8236BCCB50099A987 /* LaunchScreen.storyboard */,
				6E67DAAB236BCCB50099A987 /* Info.plist */,
				6E67DACD236C04E00099A987 /* Images.xcassets */,
				6E67DAD2236C0A110099A987 /* ViewController.swift */,
			);
			path = douyuzb;
			sourceTree = "<group>";
		};
		6E67DAB3236BCCB50099A987 /* douyuzbTests */ = {
			isa = PBXGroup;
			children = (
				6E67DAB4236BCCB50099A987 /* douyuzbTests.swift */,
				6E67DAB6236BCCB50099A987 /* Info.plist */,
			);
			path = douyuzbTests;
			sourceTree = "<group>";
		};
		6E67DABE236BCCB50099A987 /* douyuzbUITests */ = {
			isa = PBXGroup;
			children = (
				6E67DABF236BCCB50099A987 /* douyuzbUITests.swift */,
				6E67DAC1236BCCB50099A987 /* Info.plist */,
			);
			path = douyuzbUITests;
			sourceTree = "<group>";
		};
/* End PBXGroup section */

/* Begin PBXNativeTarget section */
		6E67DA9B236BCCB30099A987 /* douyuzb */ = {
			isa = PBXNativeTarget;
			buildConfigurationList = 6E67DAC4236BCCB50099A987 /* Build configuration list for PBXNativeTarget "douyuzb" */;
			buildPhases = (
				6E67DA98236BCCB30099A987 /* Sources */,
				6E67DA99236BCCB30099A987 /* Frameworks */,
				6E67DA9A236BCCB30099A987 /* Resources */,
			);
			buildRules = (
			);
			dependencies = (
			);
			name = douyuzb;
			productName = douyuzb;
			productReference = 6E67DA9C236BCCB30099A987 /* douyuzb.app */;
			productType = "com.apple.product-type.application";
		};
		6E67DAAF236BCCB50099A987 /* douyuzbTests */ = {
			isa = PBXNativeTarget;
			buildConfigurationList = 6E67DAC7236BCCB50099A987 /* Build configuration list for PBXNativeTarget "douyuzbTests" */;
			buildPhases = (
				6E67DAAC236BCCB50099A987 /* Sources */,
				6E67DAAD236BCCB50099A987 /* Frameworks */,
				6E67DAAE236BCCB50099A987 /* Resources */,
			);
			buildRules = (
			);
			dependencies = (
				6E67DAB2236BCCB50099A987 /* PBXTargetDependency */,
			);
			name = douyuzbTests;
			productName = douyuzbTests;
			productReference = 6E67DAB0236BCCB50099A987 /* douyuzbTests.xctest */;
			productType = "com.apple.product-type.bundle.unit-test";
		};
		6E67DABA236BCCB50099A987 /* douyuzbUITests */ = {
			isa = PBXNativeTarget;
			buildConfigurationList = 6E67DACA236BCCB50099A987 /* Build configuration list for PBXNativeTarget "douyuzbUITests" */;
			buildPhases = (
				6E67DAB7236BCCB50099A987 /* Sources */,
				6E67DAB8236BCCB50099A987 /* Frameworks */,
				6E67DAB9236BCCB50099A987 /* Resources */,
			);
			buildRules = (
			);
			dependencies = (
				6E67DABD236BCCB50099A987 /* PBXTargetDependency */,
			);
			name = douyuzbUITests;
			productName = douyuzbUITests;
			productReference = 6E67DABB236BCCB50099A987 /* douyuzbUITests.xctest */;
			productType = "com.apple.product-type.bundle.ui-testing";
		};
/* End PBXNativeTarget section */

/* Begin PBXProject section */
		6E67DA94236BCCB30099A987 /* Project object */ = {
			isa = PBXProject;
			attributes = {
				LastSwiftUpdateCheck = 1010;
				LastUpgradeCheck = 1010;
				ORGANIZATIONNAME = master;
				TargetAttributes = {
					6E67DA9B236BCCB30099A987 = {
						CreatedOnToolsVersion = 10.1;
					};
					6E67DAAF236BCCB50099A987 = {
						CreatedOnToolsVersion = 10.1;
						TestTargetID = 6E67DA9B236BCCB30099A987;
					};
					6E67DABA236BCCB50099A987 = {
						CreatedOnToolsVersion = 10.1;
						TestTargetID = 6E67DA9B236BCCB30099A987;
					};
				};
			};
			buildConfigurationList = 6E67DA97236BCCB30099A987 /* Build configuration list for PBXProject "douyuzb" */;
			compatibilityVersion = "Xcode 9.3";
			developmentRegion = en;
			hasScannedForEncodings = 0;
			knownRegions = (
				en,
				Base,
			);
			mainGroup = 6E67DA93236BCCB30099A987;
			productRefGroup = 6E67DA9D236BCCB30099A987 /* Products */;
			projectDirPath = "";
			projectRoot = "";
			targets = (
				6E67DA9B236BCCB30099A987 /* douyuzb */,
				6E67DAAF236BCCB50099A987 /* douyuzbTests */,
				6E67DABA236BCCB50099A987 /* douyuzbUITests */,
			);
		};
/* End PBXProject section */

/* Begin PBXResourcesBuildPhase section */
		6E67DA9A236BCCB30099A987 /* Resources */ = {
			isa = PBXResourcesBuildPhase;
			buildActionMask = 2147483647;
			files = (
				6E67DAAA236BCCB50099A987 /* LaunchScreen.storyboard in Resources */,
				6E67DACE236C04E00099A987 /* Images.xcassets in Resources */,
				6E67DAD0236C070C0099A987 /* Classes in Resources */,
				6E67DAA7236BCCB50099A987 /* Assets.xcassets in Resources */,
				6E67DAA5236BCCB30099A987 /* Main.storyboard in Resources */,
			);
			runOnlyForDeploymentPostprocessing = 0;
		};
		6E67DAAE236BCCB50099A987 /* Resources */ = {
			isa = PBXResourcesBuildPhase;
			buildActionMask = 2147483647;
			files = (
			);
			runOnlyForDeploymentPostprocessing = 0;
		};
		6E67DAB9236BCCB50099A987 /* Resources */ = {
			isa = PBXResourcesBuildPhase;
			buildActionMask = 2147483647;
			files = (
			);
			runOnlyForDeploymentPostprocessing = 0;
		};
/* End PBXResourcesBuildPhase section */

/* Begin PBXSourcesBuildPhase section */
		6E67DA98236BCCB30099A987 /* Sources */ = {
			isa = PBXSourcesBuildPhase;
			buildActionMask = 2147483647;
			files = (
				6E67DAD3236C0A110099A987 /* ViewController.swift in Sources */,
				6E67DAA0236BCCB30099A987 /* AppDelegate.swift in Sources */,
			);
			runOnlyForDeploymentPostprocessing = 0;
		};
		6E67DAAC236BCCB50099A987 /* Sources */ = {
			isa = PBXSourcesBuildPhase;
			buildActionMask = 2147483647;
			files = (
				6E67DAB5236BCCB50099A987 /* douyuzbTests.swift in Sources */,
			);
			runOnlyForDeploymentPostprocessing = 0;
		};
		6E67DAB7236BCCB50099A987 /* Sources */ = {
			isa = PBXSourcesBuildPhase;
			buildActionMask = 2147483647;
			files = (
				6E67DAC0236BCCB50099A987 /* douyuzbUITests.swift in Sources */,
			);
			runOnlyForDeploymentPostprocessing = 0;
		};
/* End PBXSourcesBuildPhase section */

/* Begin PBXTargetDependency section */
		6E67DAB2236BCCB50099A987 /* PBXTargetDependency */ = {
			isa = PBXTargetDependency;
			target = 6E67DA9B236BCCB30099A987 /* douyuzb */;
			targetProxy = 6E67DAB1236BCCB50099A987 /* PBXContainerItemProxy */;
		};
		6E67DABD236BCCB50099A987 /* PBXTargetDependency */ = {
			isa = PBXTargetDependency;
			target = 6E67DA9B236BCCB30099A987 /* douyuzb */;
			targetProxy = 6E67DABC236BCCB50099A987 /* PBXContainerItemProxy */;
		};
/* End PBXTargetDependency section */

/* Begin PBXVariantGroup section */
		6E67DAA3236BCCB30099A987 /* Main.storyboard */ = {
			isa = PBXVariantGroup;
			children = (
				6E67DAA4236BCCB30099A987 /* Base */,
			);
			name = Main.storyboard;
			sourceTree = "<group>";
		};
		6E67DAA8236BCCB50099A987 /* LaunchScreen.storyboard */ = {
			isa = PBXVariantGroup;
			children = (
				6E67DAA9236BCCB50099A987 /* Base */,
			);
			name = LaunchScreen.storyboard;
			sourceTree = "<group>";
		};
/* End PBXVariantGroup section */

/* Begin XCBuildConfiguration section */
		6E67DAC2236BCCB50099A987 /* Debug */ = {
			isa = XCBuildConfiguration;
			buildSettings = {
				ALWAYS_SEARCH_USER_PATHS = NO;
				CLANG_ANALYZER_NONNULL = YES;
				CLANG_ANALYZER_NUMBER_OBJECT_CONVERSION = YES_AGGRESSIVE;
				CLANG_CXX_LANGUAGE_STANDARD = "gnu++14";
				CLANG_CXX_LIBRARY = "libc++";
				CLANG_ENABLE_MODULES = YES;
				CLANG_ENABLE_OBJC_ARC = YES;
				CLANG_ENABLE_OBJC_WEAK = YES;
				CLANG_WARN_BLOCK_CAPTURE_AUTORELEASING = YES;
				CLANG_WARN_BOOL_CONVERSION = YES;
				CLANG_WARN_COMMA = YES;
				CLANG_WARN_CONSTANT_CONVERSION = YES;
				CLANG_WARN_DEPRECATED_OBJC_IMPLEMENTATIONS = YES;
				CLANG_WARN_DIRECT_OBJC_ISA_USAGE = YES_ERROR;
				CLANG_WARN_DOCUMENTATION_COMMENTS = YES;
				CLANG_WARN_EMPTY_BODY = YES;
				CLANG_WARN_ENUM_CONVERSION = YES;
				CLANG_WARN_INFINITE_RECURSION = YES;
				CLANG_WARN_INT_CONVERSION = YES;
				CLANG_WARN_NON_LITERAL_NULL_CONVERSION = YES;
				CLANG_WARN_OBJC_IMPLICIT_RETAIN_SELF = YES;
				CLANG_WARN_OBJC_LITERAL_CONVERSION = YES;
				CLANG_WARN_OBJC_ROOT_CLASS = YES_ERROR;
				CLANG_WARN_RANGE_LOOP_ANALYSIS = YES;
				CLANG_WARN_STRICT_PROTOTYPES = YES;
				CLANG_WARN_SUSPICIOUS_MOVE = YES;
				CLANG_WARN_UNGUARDED_AVAILABILITY = YES_AGGRESSIVE;
				CLANG_WARN_UNREACHABLE_CODE = YES;
				CLANG_WARN__DUPLICATE_METHOD_MATCH = YES;
				CODE_SIGN_IDENTITY = "iPhone Developer";
				COPY_PHASE_STRIP = NO;
				DEBUG_INFORMATION_FORMAT = dwarf;
				ENABLE_STRICT_OBJC_MSGSEND = YES;
				ENABLE_TESTABILITY = YES;
				GCC_C_LANGUAGE_STANDARD = gnu11;
				GCC_DYNAMIC_NO_PIC = NO;
				GCC_NO_COMMON_BLOCKS = YES;
				GCC_OPTIMIZATION_LEVEL = 0;
				GCC_PREPROCESSOR_DEFINITIONS = (
					"DEBUG=1",
					"$(inherited)",
				);
				GCC_WARN_64_TO_32_BIT_CONVERSION = YES;
				GCC_WARN_ABOUT_RETURN_TYPE = YES_ERROR;
				GCC_WARN_UNDECLARED_SELECTOR = YES;
				GCC_WARN_UNINITIALIZED_AUTOS = YES_AGGRESSIVE;
				GCC_WARN_UNUSED_FUNCTION = YES;
				GCC_WARN_UNUSED_VARIABLE = YES;
				IPHONEOS_DEPLOYMENT_TARGET = 12.1;
				MTL_ENABLE_DEBUG_INFO = INCLUDE_SOURCE;
				MTL_FAST_MATH = YES;
				ONLY_ACTIVE_ARCH = YES;
				SDKROOT = iphoneos;
				SWIFT_ACTIVE_COMPILATION_CONDITIONS = DEBUG;
				SWIFT_OPTIMIZATION_LEVEL = "-Onone";
			};
			name = Debug;
		};
		6E67DAC3236BCCB50099A987 /* Release */ = {
			isa = XCBuildConfiguration;
			buildSettings = {
				ALWAYS_SEARCH_USER_PATHS = NO;
				CLANG_ANALYZER_NONNULL = YES;
				CLANG_ANALYZER_NUMBER_OBJECT_CONVERSION = YES_AGGRESSIVE;
				CLANG_CXX_LANGUAGE_STANDARD = "gnu++14";
				CLANG_CXX_LIBRARY = "libc++";
				CLANG_ENABLE_MODULES = YES;
				CLANG_ENABLE_OBJC_ARC = YES;
				CLANG_ENABLE_OBJC_WEAK = YES;
				CLANG_WARN_BLOCK_CAPTURE_AUTORELEASING = YES;
				CLANG_WARN_BOOL_CONVERSION = YES;
				CLANG_WARN_COMMA = YES;
				CLANG_WARN_CONSTANT_CONVERSION = YES;
				CLANG_WARN_DEPRECATED_OBJC_IMPLEMENTATIONS = YES;
				CLANG_WARN_DIRECT_OBJC_ISA_USAGE = YES_ERROR;
				CLANG_WARN_DOCUMENTATION_COMMENTS = YES;
				CLANG_WARN_EMPTY_BODY = YES;
				CLANG_WARN_ENUM_CONVERSION = YES;
				CLANG_WARN_INFINITE_RECURSION = YES;
				CLANG_WARN_INT_CONVERSION = YES;
				CLANG_WARN_NON_LITERAL_NULL_CONVERSION = YES;
				CLANG_WARN_OBJC_IMPLICIT_RETAIN_SELF = YES;
				CLANG_WARN_OBJC_LITERAL_CONVERSION = YES;
				CLANG_WARN_OBJC_ROOT_CLASS = YES_ERROR;
				CLANG_WARN_RANGE_LOOP_ANALYSIS = YES;
				CLANG_WARN_STRICT_PROTOTYPES = YES;
				CLANG_WARN_SUSPICIOUS_MOVE = YES;
				CLANG_WARN_UNGUARDED_AVAILABILITY = YES_AGGRESSIVE;
				CLANG_WARN_UNREACHABLE_CODE = YES;
				CLANG_WARN__DUPLICATE_METHOD_MATCH = YES;
				CODE_SIGN_IDENTITY = "iPhone Developer";
				COPY_PHASE_STRIP = NO;
				DEBUG_INFORMATION_FORMAT = "dwarf-with-dsym";
				ENABLE_NS_ASSERTIONS = NO;
				ENABLE_STRICT_OBJC_MSGSEND = YES;
				GCC_C_LANGUAGE_STANDARD = gnu11;
				GCC_NO_COMMON_BLOCKS = YES;
				GCC_WARN_64_TO_32_BIT_CONVERSION = YES;
				GCC_WARN_ABOUT_RETURN_TYPE = YES_ERROR;
				GCC_WARN_UNDECLARED_SELECTOR = YES;
				GCC_WARN_UNINITIALIZED_AUTOS = YES_AGGRESSIVE;
				GCC_WARN_UNUSED_FUNCTION = YES;
				GCC_WARN_UNUSED_VARIABLE = YES;
				IPHONEOS_DEPLOYMENT_TARGET = 12.1;
				MTL_ENABLE_DEBUG_INFO = NO;
				MTL_FAST_MATH = YES;
				SDKROOT = iphoneos;
				SWIFT_COMPILATION_MODE = wholemodule;
				SWIFT_OPTIMIZATION_LEVEL = "-O";
				VALIDATE_PRODUCT = YES;
			};
			name = Release;
		};
		6E67DAC5236BCCB50099A987 /* Debug */ = {
			isa = XCBuildConfiguration;
			buildSettings = {
				ASSETCATALOG_COMPILER_APPICON_NAME = AppIcon;
				ASSETCATALOG_COMPILER_LAUNCHIMAGE_NAME = LaunchImage;
				CODE_SIGN_STYLE = Automatic;
				DEVELOPMENT_TEAM = 37FV56W2N2;
				INFOPLIST_FILE = douyuzb/Info.plist;
				LD_RUNPATH_SEARCH_PATHS = (
					"$(inherited)",
					"@executable_path/Frameworks",
				);
				PRODUCT_BUNDLE_IDENTIFIER = com.qqshidao.douyuzb;
				PRODUCT_NAME = "$(TARGET_NAME)";
				SWIFT_VERSION = 4.2;
				TARGETED_DEVICE_FAMILY = "1,2";
			};
			name = Debug;
		};
		6E67DAC6236BCCB50099A987 /* Release */ = {
			isa = XCBuildConfiguration;
			buildSettings = {
				ASSETCATALOG_COMPILER_APPICON_NAME = AppIcon;
				ASSETCATALOG_COMPILER_LAUNCHIMAGE_NAME = LaunchImage;
				CODE_SIGN_STYLE = Automatic;
				DEVELOPMENT_TEAM = 37FV56W2N2;
				INFOPLIST_FILE = douyuzb/Info.plist;
				LD_RUNPATH_SEARCH_PATHS = (
					"$(inherited)",
					"@executable_path/Frameworks",
				);
				PRODUCT_BUNDLE_IDENTIFIER = com.qqshidao.douyuzb;
				PRODUCT_NAME = "$(TARGET_NAME)";
				SWIFT_VERSION = 4.2;
				TARGETED_DEVICE_FAMILY = "1,2";
			};
			name = Release;
		};
		6E67DAC8236BCCB50099A987 /* Debug */ = {
			isa = XCBuildConfiguration;
			buildSettings = {
				ALWAYS_EMBED_SWIFT_STANDARD_LIBRARIES = YES;
				BUNDLE_LOADER = "$(TEST_HOST)";
				CODE_SIGN_STYLE = Automatic;
				DEVELOPMENT_TEAM = 37FV56W2N2;
				INFOPLIST_FILE = douyuzbTests/Info.plist;
				LD_RUNPATH_SEARCH_PATHS = (
					"$(inherited)",
					"@executable_path/Frameworks",
					"@loader_path/Frameworks",
				);
				PRODUCT_BUNDLE_IDENTIFIER = com.qqshidao.douyuzbTests;
				PRODUCT_NAME = "$(TARGET_NAME)";
				SWIFT_VERSION = 4.2;
				TARGETED_DEVICE_FAMILY = "1,2";
				TEST_HOST = "$(BUILT_PRODUCTS_DIR)/douyuzb.app/douyuzb";
			};
			name = Debug;
		};
		6E67DAC9236BCCB50099A987 /* Release */ = {
			isa = XCBuildConfiguration;
			buildSettings = {
				ALWAYS_EMBED_SWIFT_STANDARD_LIBRARIES = YES;
				BUNDLE_LOADER = "$(TEST_HOST)";
				CODE_SIGN_STYLE = Automatic;
				DEVELOPMENT_TEAM = 37FV56W2N2;
				INFOPLIST_FILE = douyuzbTests/Info.plist;
				LD_RUNPATH_SEARCH_PATHS = (
					"$(inherited)",
					"@executable_path/Frameworks",
					"@loader_path/Frameworks",
				);
				PRODUCT_BUNDLE_IDENTIFIER = com.qqshidao.douyuzbTests;
				PRODUCT_NAME = "$(TARGET_NAME)";
				SWIFT_VERSION = 4.2;
				TARGETED_DEVICE_FAMILY = "1,2";
				TEST_HOST = "$(BUILT_PRODUCTS_DIR)/douyuzb.app/douyuzb";
			};
			name = Release;
		};
		6E67DACB236BCCB50099A987 /* Debug */ = {
			isa = XCBuildConfiguration;
			buildSettings = {
				ALWAYS_EMBED_SWIFT_STANDARD_LIBRARIES = YES;
				CODE_SIGN_STYLE = Automatic;
				DEVELOPMENT_TEAM = 37FV56W2N2;
				INFOPLIST_FILE = douyuzbUITests/Info.plist;
				LD_RUNPATH_SEARCH_PATHS = (
					"$(inherited)",
					"@executable_path/Frameworks",
					"@loader_path/Frameworks",
				);
				PRODUCT_BUNDLE_IDENTIFIER = com.qqshidao.douyuzbUITests;
				PRODUCT_NAME = "$(TARGET_NAME)";
				SWIFT_VERSION = 4.2;
				TARGETED_DEVICE_FAMILY = "1,2";
				TEST_TARGET_NAME = douyuzb;
			};
			name = Debug;
		};
		6E67DACC236BCCB50099A987 /* Release */ = {
			isa = XCBuildConfiguration;
			buildSettings = {
				ALWAYS_EMBED_SWIFT_STANDARD_LIBRARIES = YES;
				CODE_SIGN_STYLE = Automatic;
				DEVELOPMENT_TEAM = 37FV56W2N2;
				INFOPLIST_FILE = douyuzbUITests/Info.plist;
				LD_RUNPATH_SEARCH_PATHS = (
					"$(inherited)",
					"@executable_path/Frameworks",
					"@loader_path/Frameworks",
				);
				PRODUCT_BUNDLE_IDENTIFIER = com.qqshidao.douyuzbUITests;
				PRODUCT_NAME = "$(TARGET_NAME)";
				SWIFT_VERSION = 4.2;
				TARGETED_DEVICE_FAMILY = "1,2";
				TEST_TARGET_NAME = douyuzb;
			};
			name = Release;
		};
/* End XCBuildConfiguration section */

/* Begin XCConfigurationList section */
		6E67DA97236BCCB30099A987 /* Build configuration list for PBXProject "douyuzb" */ = {
			isa = XCConfigurationList;
			buildConfigurations = (
				6E67DAC2236BCCB50099A987 /* Debug */,
				6E67DAC3236BCCB50099A987 /* Release */,
			);
			defaultConfigurationIsVisible = 0;
			defaultConfigurationName = Release;
		};
		6E67DAC4236BCCB50099A987 /* Build configuration list for PBXNativeTarget "douyuzb" */ = {
			isa = XCConfigurationList;
			buildConfigurations = (
				6E67DAC5236BCCB50099A987 /* Debug */,
				6E67DAC6236BCCB50099A987 /* Release */,
			);
			defaultConfigurationIsVisible = 0;
			defaultConfigurationName = Release;
		};
		6E67DAC7236BCCB50099A987 /* Build configuration list for PBXNativeTarget "douyuzbTests" */ = {
			isa = XCConfigurationList;
			buildConfigurations = (
				6E67DAC8236BCCB50099A987 /* Debug */,
				6E67DAC9236BCCB50099A987 /* Release */,
			);
			defaultConfigurationIsVisible = 0;
			defaultConfigurationName = Release;
		};
		6E67DACA236BCCB50099A987 /* Build configuration list for PBXNativeTarget "douyuzbUITests" */ = {
			isa = XCConfigurationList;
			buildConfigurations = (
				6E67DACB236BCCB50099A987 /* Debug */,
				6E67DACC236BCCB50099A987 /* Release */,
			);
			defaultConfigurationIsVisible = 0;
			defaultConfigurationName = Release;
		};
/* End XCConfigurationList section */
	};
	rootObject = 6E67DA94236BCCB30099A987 /* Project object */;
}
